// !$*UTF8*$!
{
	archiveVersion = 1;
	classes = {
	};
	objectVersion = 46;
	objects = {

/* Begin PBXBuildFile section */
		2839368D1EA0422800899745 /* AppDelegate.swift in Sources */ = {isa = PBXBuildFile; fileRef = 2839368C1EA0422800899745 /* AppDelegate.swift */; };
		2839368F1EA0422800899745 /* ViewController.swift in Sources */ = {isa = PBXBuildFile; fileRef = 2839368E1EA0422800899745 /* ViewController.swift */; };
		283936941EA0422800899745 /* Assets.xcassets in Resources */ = {isa = PBXBuildFile; fileRef = 283936931EA0422800899745 /* Assets.xcassets */; };
		283936971EA0422800899745 /* LaunchScreen.storyboard in Resources */ = {isa = PBXBuildFile; fileRef = 283936951EA0422800899745 /* LaunchScreen.storyboard */; };
		283936A21EA0422800899745 /* TabelViewTestTests.swift in Sources */ = {isa = PBXBuildFile; fileRef = 283936A11EA0422800899745 /* TabelViewTestTests.swift */; };
		283936AD1EA0422800899745 /* TabelViewTestUITests.swift in Sources */ = {isa = PBXBuildFile; fileRef = 283936AC1EA0422800899745 /* TabelViewTestUITests.swift */; };
		283936BB1EA0505E00899745 /* SourceViewController.swift in Sources */ = {isa = PBXBuildFile; fileRef = 283936BA1EA0505E00899745 /* SourceViewController.swift */; };
/* End PBXBuildFile section */

/* Begin PBXContainerItemProxy section */
		2839369E1EA0422800899745 /* PBXContainerItemProxy */ = {
			isa = PBXContainerItemProxy;
			containerPortal = 283936811EA0422800899745 /* Project object */;
			proxyType = 1;
			remoteGlobalIDString = 283936881EA0422800899745;
			remoteInfo = TabelViewTest;
		};
		283936A91EA0422800899745 /* PBXContainerItemProxy */ = {
			isa = PBXContainerItemProxy;
			containerPortal = 283936811EA0422800899745 /* Project object */;
			proxyType = 1;
			remoteGlobalIDString = 283936881EA0422800899745;
			remoteInfo = TabelViewTest;
		};
/* End PBXContainerItemProxy section */

/* Begin PBXFileReference section */
		283936891EA0422800899745 /* TabelViewTest.app */ = {isa = PBXFileReference; explicitFileType = wrapper.application; includeInIndex = 0; path = TabelViewTest.app; sourceTree = BUILT_PRODUCTS_DIR; };
		2839368C1EA0422800899745 /* AppDelegate.swift */ = {isa = PBXFileReference; lastKnownFileType = sourcecode.swift; path = AppDelegate.swift; sourceTree = "<group>"; };
		2839368E1EA0422800899745 /* ViewController.swift */ = {isa = PBXFileReference; lastKnownFileType = sourcecode.swift; path = ViewController.swift; sourceTree = "<group>"; };
		283936931EA0422800899745 /* Assets.xcassets */ = {isa = PBXFileReference; lastKnownFileType = folder.assetcatalog; path = Assets.xcassets; sourceTree = "<group>"; };
		283936961EA0422800899745 /* Base */ = {isa = PBXFileReference; lastKnownFileType = file.storyboard; name = Base; path = Base.lproj/LaunchScreen.storyboard; sourceTree = "<group>"; };
		283936981EA0422800899745 /* Info.plist */ = {isa = PBXFileReference; lastKnownFileType = text.plist.xml; path = Info.plist; sourceTree = "<group>"; };
		2839369D1EA0422800899745 /* TabelViewTestTests.xctest */ = {isa = PBXFileReference; explicitFileType = wrapper.cfbundle; includeInIndex = 0; path = TabelViewTestTests.xctest; sourceTree = BUILT_PRODUCTS_DIR; };
		283936A11EA0422800899745 /* TabelViewTestTests.swift */ = {isa = PBXFileReference; lastKnownFileType = sourcecode.swift; path = TabelViewTestTests.swift; sourceTree = "<group>"; };
		283936A31EA0422800899745 /* Info.plist */ = {isa = PBXFileReference; lastKnownFileType = text.plist.xml; path = Info.plist; sourceTree = "<group>"; };
		283936A81EA0422800899745 /* TabelViewTestUITests.xctest */ = {isa = PBXFileReference; explicitFileType = wrapper.cfbundle; includeInIndex = 0; path = TabelViewTestUITests.xctest; sourceTree = BUILT_PRODUCTS_DIR; };
		283936AC1EA0422800899745 /* TabelViewTestUITests.swift */ = {isa = PBXFileReference; lastKnownFileType = sourcecode.swift; path = TabelViewTestUITests.swift; sourceTree = "<group>"; };
		283936AE1EA0422800899745 /* Info.plist */ = {isa = PBXFileReference; lastKnownFileType = text.plist.xml; path = Info.plist; sourceTree = "<group>"; };
		283936BA1EA0505E00899745 /* SourceViewController.swift */ = {isa = PBXFileReference; fileEncoding = 4; lastKnownFileType = sourcecode.swift; path = SourceViewController.swift; sourceTree = "<group>"; };
/* End PBXFileReference section */

/* Begin PBXFrameworksBuildPhase section */
		283936861EA0422800899745 /* Frameworks */ = {
			isa = PBXFrameworksBuildPhase;
			buildActionMask = 2147483647;
			files = (
			);
			runOnlyForDeploymentPostprocessing = 0;
		};
		2839369A1EA0422800899745 /* Frameworks */ = {
			isa = PBXFrameworksBuildPhase;
			buildActionMask = 2147483647;
			files = (
			);
			runOnlyForDeploymentPostprocessing = 0;
		};
		283936A51EA0422800899745 /* Frameworks */ = {
			isa = PBXFrameworksBuildPhase;
			buildActionMask = 2147483647;
			files = (
			);
			runOnlyForDeploymentPostprocessing = 0;
		};
/* End PBXFrameworksBuildPhase section */

/* Begin PBXGroup section */
		283936801EA0422800899745 = {
			isa = PBXGroup;
			children = (
				2839368B1EA0422800899745 /* TabelViewTest */,
				283936A01EA0422800899745 /* TabelViewTestTests */,
				283936AB1EA0422800899745 /* TabelViewTestUITests */,
				2839368A1EA0422800899745 /* Products */,
			);
			sourceTree = "<group>";
		};
		2839368A1EA0422800899745 /* Products */ = {
			isa = PBXGroup;
			children = (
				283936891EA0422800899745 /* TabelViewTest.app */,
				2839369D1EA0422800899745 /* TabelViewTestTests.xctest */,
				283936A81EA0422800899745 /* TabelViewTestUITests.xctest */,
			);
			name = Products;
			sourceTree = "<group>";
		};
		2839368B1EA0422800899745 /* TabelViewTest */ = {
			isa = PBXGroup;
			children = (
				2839368C1EA0422800899745 /* AppDelegate.swift */,
				2839368E1EA0422800899745 /* ViewController.swift */,
				283936931EA0422800899745 /* Assets.xcassets */,
				283936951EA0422800899745 /* LaunchScreen.storyboard */,
				283936981EA0422800899745 /* Info.plist */,
				283936BA1EA0505E00899745 /* SourceViewController.swift */,
			);
			path = TabelViewTest;
			sourceTree = "<group>";
		};
		283936A01EA0422800899745 /* TabelViewTestTests */ = {
			isa = PBXGroup;
			children = (
				283936A11EA0422800899745 /* TabelViewTestTests.swift */,
				283936A31EA0422800899745 /* Info.plist */,
			);
			path = TabelViewTestTests;
			sourceTree = "<group>";
		};
		283936AB1EA0422800899745 /* TabelViewTestUITests */ = {
			isa = PBXGroup;
			children = (
				283936AC1EA0422800899745 /* TabelViewTestUITests.swift */,
				283936AE1EA0422800899745 /* Info.plist */,
			);
			path = TabelViewTestUITests;
			sourceTree = "<group>";
		};
/* End PBXGroup section */

/* Begin PBXNativeTarget section */
		283936881EA0422800899745 /* TabelViewTest */ = {
			isa = PBXNativeTarget;
			buildConfigurationList = 283936B11EA0422800899745 /* Build configuration list for PBXNativeTarget "TabelViewTest" */;
			buildPhases = (
				283936851EA0422800899745 /* Sources */,
				283936861EA0422800899745 /* Frameworks */,
				283936871EA0422800899745 /* Resources */,
			);
			buildRules = (
			);
			dependencies = (
			);
			name = TabelViewTest;
			productName = TabelViewTest;
			productReference = 283936891EA0422800899745 /* TabelViewTest.app */;
			productType = "com.apple.product-type.application";
		};
		2839369C1EA0422800899745 /* TabelViewTestTests */ = {
			isa = PBXNativeTarget;
			buildConfigurationList = 283936B41EA0422800899745 /* Build configuration list for PBXNativeTarget "TabelViewTestTests" */;
			buildPhases = (
				283936991EA0422800899745 /* Sources */,
				2839369A1EA0422800899745 /* Frameworks */,
				2839369B1EA0422800899745 /* Resources */,
			);
			buildRules = (
			);
			dependencies = (
				2839369F1EA0422800899745 /* PBXTargetDependency */,
			);
			name = TabelViewTestTests;
			productName = TabelViewTestTests;
			productReference = 2839369D1EA0422800899745 /* TabelViewTestTests.xctest */;
			productType = "com.apple.product-type.bundle.unit-test";
		};
		283936A71EA0422800899745 /* TabelViewTestUITests */ = {
			isa = PBXNativeTarget;
			buildConfigurationList = 283936B71EA0422800899745 /* Build configuration list for PBXNativeTarget "TabelViewTestUITests" */;
			buildPhases = (
				283936A41EA0422800899745 /* Sources */,
				283936A51EA0422800899745 /* Frameworks */,
				283936A61EA0422800899745 /* Resources */,
			);
			buildRules = (
			);
			dependencies = (
				283936AA1EA0422800899745 /* PBXTargetDependency */,
			);
			name = TabelViewTestUITests;
			productName = TabelViewTestUITests;
			productReference = 283936A81EA0422800899745 /* TabelViewTestUITests.xctest */;
			productType = "com.apple.product-type.bundle.ui-testing";
		};
/* End PBXNativeTarget section */

/* Begin PBXProject section */
		283936811EA0422800899745 /* Project object */ = {
			isa = PBXProject;
			attributes = {
				LastSwiftUpdateCheck = 0820;
				LastUpgradeCheck = 0820;
				ORGANIZATIONNAME = "Theta Wang";
				TargetAttributes = {
					283936881EA0422800899745 = {
						CreatedOnToolsVersion = 8.2.1;
						ProvisioningStyle = Automatic;
					};
					2839369C1EA0422800899745 = {
						CreatedOnToolsVersion = 8.2.1;
						ProvisioningStyle = Automatic;
						TestTargetID = 283936881EA0422800899745;
					};
					283936A71EA0422800899745 = {
						CreatedOnToolsVersion = 8.2.1;
						ProvisioningStyle = Automatic;
						TestTargetID = 283936881EA0422800899745;
					};
				};
			};
			buildConfigurationList = 283936841EA0422800899745 /* Build configuration list for PBXProject "TabelViewTest" */;
			compatibilityVersion = "Xcode 3.2";
			developmentRegion = English;
			hasScannedForEncodings = 0;
			knownRegions = (
				en,
				Base,
			);
			mainGroup = 283936801EA0422800899745;
			productRefGroup = 2839368A1EA0422800899745 /* Products */;
			projectDirPath = "";
			projectRoot = "";
			targets = (
				283936881EA0422800899745 /* TabelViewTest */,
				2839369C1EA0422800899745 /* TabelViewTestTests */,
				283936A71EA0422800899745 /* TabelViewTestUITests */,
			);
		};
/* End PBXProject section */

/* Begin PBXResourcesBuildPhase section */
		283936871EA0422800899745 /* Resources */ = {
			isa = PBXResourcesBuildPhase;
			buildActionMask = 2147483647;
			files = (
				283936971EA0422800899745 /* LaunchScreen.storyboard in Resources */,
				283936941EA0422800899745 /* Assets.xcassets in Resources */,
			);
			runOnlyForDeploymentPostprocessing = 0;
		};
		2839369B1EA0422800899745 /* Resources */ = {
			isa = PBXResourcesBuildPhase;
			buildActionMask = 2147483647;
			files = (
			);
			runOnlyForDeploymentPostprocessing = 0;
		};
		283936A61EA0422800899745 /* Resources */ = {
			isa = PBXResourcesBuildPhase;
			buildActionMask = 2147483647;
			files = (
			);
			runOnlyForDeploymentPostprocessing = 0;
		};
/* End PBXResourcesBuildPhase section */

/* Begin PBXSourcesBuildPhase section */
		283936851EA0422800899745 /* Sources */ = {
			isa = PBXSourcesBuildPhase;
			buildActionMask = 2147483647;
			files = (
				2839368F1EA0422800899745 /* ViewController.swift in Sources */,
				2839368D1EA0422800899745 /* AppDelegate.swift in Sources */,
				283936BB1EA0505E00899745 /* SourceViewController.swift in Sources */,
			);
			runOnlyForDeploymentPostprocessing = 0;
		};
		283936991EA0422800899745 /* Sources */ = {
			isa = PBXSourcesBuildPhase;
			buildActionMask = 2147483647;
			files = (
				283936A21EA0422800899745 /* TabelViewTestTests.swift in Sources */,
			);
			runOnlyForDeploymentPostprocessing = 0;
		};
		283936A41EA0422800899745 /* Sources */ = {
			isa = PBXSourcesBuildPhase;
			buildActionMask = 2147483647;
			files = (
				283936AD1EA0422800899745 /* TabelViewTestUITests.swift in Sources */,
			);
			runOnlyForDeploymentPostprocessing = 0;
		};
/* End PBXSourcesBuildPhase section */

/* Begin PBXTargetDependency section */
		2839369F1EA0422800899745 /* PBXTargetDependency */ = {
			isa = PBXTargetDependency;
			target = 283936881EA0422800899745 /* TabelViewTest */;
			targetProxy = 2839369E1EA0422800899745 /* PBXContainerItemProxy */;
		};
		283936AA1EA0422800899745 /* PBXTargetDependency */ = {
			isa = PBXTargetDependency;
			target = 283936881EA0422800899745 /* TabelViewTest */;
			targetProxy = 283936A91EA0422800899745 /* PBXContainerItemProxy */;
		};
/* End PBXTargetDependency section */

/* Begin PBXVariantGroup section */
		283936951EA0422800899745 /* LaunchScreen.storyboard */ = {
			isa = PBXVariantGroup;
			children = (
				283936961EA0422800899745 /* Base */,
			);
			name = LaunchScreen.storyboard;
			sourceTree = "<group>";
		};
/* End PBXVariantGroup section */

/* Begin XCBuildConfiguration section */
		283936AF1EA0422800899745 /* Debug */ = {
			isa = XCBuildConfiguration;
			buildSettings = {
				ALWAYS_SEARCH_USER_PATHS = NO;
				CLANG_ANALYZER_NONNULL = YES;
				CLANG_CXX_LANGUAGE_STANDARD = "gnu++0x";
				CLANG_CXX_LIBRARY = "libc++";
				CLANG_ENABLE_MODULES = YES;
				CLANG_ENABLE_OBJC_ARC = YES;
				CLANG_WARN_BOOL_CONVERSION = YES;
				CLANG_WARN_CONSTANT_CONVERSION = YES;
				CLANG_WARN_DIRECT_OBJC_ISA_USAGE = YES_ERROR;
				CLANG_WARN_DOCUMENTATION_COMMENTS = YES;
				CLANG_WARN_EMPTY_BODY = YES;
				CLANG_WARN_ENUM_CONVERSION = YES;
				CLANG_WARN_INFINITE_RECURSION = YES;
				CLANG_WARN_INT_CONVERSION = YES;
				CLANG_WARN_OBJC_ROOT_CLASS = YES_ERROR;
				CLANG_WARN_SUSPICIOUS_MOVE = YES;
				CLANG_WARN_UNREACHABLE_CODE = YES;
				CLANG_WARN__DUPLICATE_METHOD_MATCH = YES;
				"CODE_SIGN_IDENTITY[sdk=iphoneos*]" = "iPhone Developer";
				COPY_PHASE_STRIP = NO;
				DEBUG_INFORMATION_FORMAT = dwarf;
				ENABLE_STRICT_OBJC_MSGSEND = YES;
				ENABLE_TESTABILITY = YES;
				GCC_C_LANGUAGE_STANDARD = gnu99;
				GCC_DYNAMIC_NO_PIC = NO;
				GCC_NO_COMMON_BLOCKS = YES;
				GCC_OPTIMIZATION_LEVEL = 0;
				GCC_PREPROCESSOR_DEFINITIONS = (
					"DEBUG=1",
					"$(inherited)",
				);
				GCC_WARN_64_TO_32_BIT_CONVERSION = YES;
				GCC_WARN_ABOUT_RETURN_TYPE = YES_ERROR;
				GCC_WARN_UNDECLARED_SELECTOR = YES;
				GCC_WARN_UNINITIALIZED_AUTOS = YES_AGGRESSIVE;
				GCC_WARN_UNUSED_FUNCTION = YES;
				GCC_WARN_UNUSED_VARIABLE = YES;
				IPHONEOS_DEPLOYMENT_TARGET = 10.2;
				MTL_ENABLE_DEBUG_INFO = YES;
				ONLY_ACTIVE_ARCH = YES;
				SDKROOT = iphoneos;
				SWIFT_ACTIVE_COMPILATION_CONDITIONS = DEBUG;
				SWIFT_OPTIMIZATION_LEVEL = "-Onone";
				TARGETED_DEVICE_FAMILY = "1,2";
			};
			name = Debug;
		};
		283936B01EA0422800899745 /* Release */ = {
			isa = XCBuildConfiguration;
			buildSettings = {
				ALWAYS_SEARCH_USER_PATHS = NO;
				CLANG_ANALYZER_NONNULL = YES;
				CLANG_CXX_LANGUAGE_STANDARD = "gnu++0x";
				CLANG_CXX_LIBRARY = "libc++";
				CLANG_ENABLE_MODULES = YES;
				CLANG_ENABLE_OBJC_ARC = YES;
				CLANG_WARN_BOOL_CONVERSION = YES;
				CLANG_WARN_CONSTANT_CONVERSION = YES;
				CLANG_WARN_DIRECT_OBJC_ISA_USAGE = YES_ERROR;
				CLANG_WARN_DOCUMENTATION_COMMENTS = YES;
				CLANG_WARN_EMPTY_BODY = YES;
				CLANG_WARN_ENUM_CONVERSION = YES;
				CLANG_WARN_INFINITE_RECURSION = YES;
				CLANG_WARN_INT_CONVERSION = YES;
				CLANG_WARN_OBJC_ROOT_CLASS = YES_ERROR;
				CLANG_WARN_SUSPICIOUS_MOVE = YES;
				CLANG_WARN_UNREACHABLE_CODE = YES;
				CLANG_WARN__DUPLICATE_METHOD_MATCH = YES;
				"CODE_SIGN_IDENTITY[sdk=iphoneos*]" = "iPhone Developer";
				COPY_PHASE_STRIP = NO;
				DEBUG_INFORMATION_FORMAT = "dwarf-with-dsym";
				ENABLE_NS_ASSERTIONS = NO;
				ENABLE_STRICT_OBJC_MSGSEND = YES;
				GCC_C_LANGUAGE_STANDARD = gnu99;
				GCC_NO_COMMON_BLOCKS = YES;
				GCC_WARN_64_TO_32_BIT_CONVERSION = YES;
				GCC_WARN_ABOUT_RETURN_TYPE = YES_ERROR;
				GCC_WARN_UNDECLARED_SELECTOR = YES;
				GCC_WARN_UNINITIALIZED_AUTOS = YES_AGGRESSIVE;
				GCC_WARN_UNUSED_FUNCTION = YES;
				GCC_WARN_UNUSED_VARIABLE = YES;
				IPHONEOS_DEPLOYMENT_TARGET = 10.2;
				MTL_ENABLE_DEBUG_INFO = NO;
				SDKROOT = iphoneos;
				SWIFT_OPTIMIZATION_LEVEL = "-Owholemodule";
				TARGETED_DEVICE_FAMILY = "1,2";
				VALIDATE_PRODUCT = YES;
			};
			name = Release;
		};
		283936B21EA0422800899745 /* Debug */ = {
			isa = XCBuildConfiguration;
			buildSettings = {
				ASSETCATALOG_COMPILER_APPICON_NAME = AppIcon;
				INFOPLIST_FILE = TabelViewTest/Info.plist;
				LD_RUNPATH_SEARCH_PATHS = "$(inherited) @executable_path/Frameworks";
				PRODUCT_BUNDLE_IDENTIFIER = AppTrain.TabelViewTest;
				PRODUCT_NAME = "$(TARGET_NAME)";
				SWIFT_VERSION = 3.0;
			};
			name = Debug;
		};
		283936B31EA0422800899745 /* Release */ = {
			isa = XCBuildConfiguration;
			buildSettings = {
				ASSETCATALOG_COMPILER_APPICON_NAME = AppIcon;
				INFOPLIST_FILE = TabelViewTest/Info.plist;
				LD_RUNPATH_SEARCH_PATHS = "$(inherited) @executable_path/Frameworks";
				PRODUCT_BUNDLE_IDENTIFIER = AppTrain.TabelViewTest;
				PRODUCT_NAME = "$(TARGET_NAME)";
				SWIFT_VERSION = 3.0;
			};
			name = Release;
		};
		283936B51EA0422800899745 /* Debug */ = {
			isa = XCBuildConfiguration;
			buildSettings = {
				ALWAYS_EMBED_SWIFT_STANDARD_LIBRARIES = YES;
				BUNDLE_LOADER = "$(TEST_HOST)";
				INFOPLIST_FILE = TabelViewTestTests/Info.plist;
				LD_RUNPATH_SEARCH_PATHS = "$(inherited) @executable_path/Frameworks @loader_path/Frameworks";
				PRODUCT_BUNDLE_IDENTIFIER = AppTrain.TabelViewTestTests;
				PRODUCT_NAME = "$(TARGET_NAME)";
				SWIFT_VERSION = 3.0;
				TEST_HOST = "$(BUILT_PRODUCTS_DIR)/TabelViewTest.app/TabelViewTest";
			};
			name = Debug;
		};
		283936B61EA0422800899745 /* Release */ = {
			isa = XCBuildConfiguration;
			buildSettings = {
				ALWAYS_EMBED_SWIFT_STANDARD_LIBRARIES = YES;
				BUNDLE_LOADER = "$(TEST_HOST)";
				INFOPLIST_FILE = TabelViewTestTests/Info.plist;
				LD_RUNPATH_SEARCH_PATHS = "$(inherited) @executable_path/Frameworks @loader_path/Frameworks";
				PRODUCT_BUNDLE_IDENTIFIER = AppTrain.TabelViewTestTests;
				PRODUCT_NAME = "$(TARGET_NAME)";
				SWIFT_VERSION = 3.0;
				TEST_HOST = "$(BUILT_PRODUCTS_DIR)/TabelViewTest.app/TabelViewTest";
			};
			name = Release;
		};
		283936B81EA0422800899745 /* Debug */ = {
			isa = XCBuildConfiguration;
			buildSettings = {
				ALWAYS_EMBED_SWIFT_STANDARD_LIBRARIES = YES;
				INFOPLIST_FILE = TabelViewTestUITests/Info.plist;
				LD_RUNPATH_SEARCH_PATHS = "$(inherited) @executable_path/Frameworks @loader_path/Frameworks";
				PRODUCT_BUNDLE_IDENTIFIER = AppTrain.TabelViewTestUITests;
				PRODUCT_NAME = "$(TARGET_NAME)";
				SWIFT_VERSION = 3.0;
				TEST_TARGET_NAME = TabelViewTest;
			};
			name = Debug;
		};
		283936B91EA0422800899745 /* Release */ = {
			isa = XCBuildConfiguration;
			buildSettings = {
				ALWAYS_EMBED_SWIFT_STANDARD_LIBRARIES = YES;
				INFOPLIST_FILE = TabelViewTestUITests/Info.plist;
				LD_RUNPATH_SEARCH_PATHS = "$(inherited) @executable_path/Frameworks @loader_path/Frameworks";
				PRODUCT_BUNDLE_IDENTIFIER = AppTrain.TabelViewTestUITests;
				PRODUCT_NAME = "$(TARGET_NAME)";
				SWIFT_VERSION = 3.0;
				TEST_TARGET_NAME = TabelViewTest;
			};
			name = Release;
		};
/* End XCBuildConfiguration section */

/* Begin XCConfigurationList section */
		283936841EA0422800899745 /* Build configuration list for PBXProject "TabelViewTest" */ = {
			isa = XCConfigurationList;
			buildConfigurations = (
				283936AF1EA0422800899745 /* Debug */,
				283936B01EA0422800899745 /* Release */,
			);
			defaultConfigurationIsVisible = 0;
			defaultConfigurationName = Release;
		};
		283936B11EA0422800899745 /* Build configuration list for PBXNativeTarget "TabelViewTest" */ = {
			isa = XCConfigurationList;
			buildConfigurations = (
				283936B21EA0422800899745 /* Debug */,
				283936B31EA0422800899745 /* Release */,
			);
			defaultConfigurationIsVisible = 0;
		};
		283936B41EA0422800899745 /* Build configuration list for PBXNativeTarget "TabelViewTestTests" */ = {
			isa = XCConfigurationList;
			buildConfigurations = (
				283936B51EA0422800899745 /* Debug */,
				283936B61EA0422800899745 /* Release */,
			);
			defaultConfigurationIsVisible = 0;
		};
		283936B71EA0422800899745 /* Build configuration list for PBXNativeTarget "TabelViewTestUITests" */ = {
			isa = XCConfigurationList;
			buildConfigurations = (
				283936B81EA0422800899745 /* Debug */,
				283936B91EA0422800899745 /* Release */,
			);
			defaultConfigurationIsVisible = 0;
		};
/* End XCConfigurationList section */
	};
	rootObject = 283936811EA0422800899745 /* Project object */;
}
